
Microsoft Visual Studio Solution File, Format Version 12.00
# Visual Studio Version 16
VisualStudioVersion = 16.0.29709.97
MinimumVisualStudioVersion = 10.0.40219.1
Project("{FAE04EC0-301F-11D3-BF4B-00C04F79EFBC}") = "GetPowerSounds", "GetPowerSounds\GetPowerSounds.csproj", "{CD18C1F9-29CA-486C-9C02-4986F0D63FE4}"
EndProject
Project("{FAE04EC0-301F-11D3-BF4B-00C04F79EFBC}") = "Philotic_Knights_Def_Tools", "..\PK's Field Trainer\Def Objects\Philotic_Knights_Def_Tools.csproj", "{9AFB8502-2142-4781-B1CB-595D941A6FF0}"
EndProject
Project("{FAE04EC0-301F-11D3-BF4B-00C04F79EFBC}") = "Philotic_Knights_Field_Trainer_ModelController", "..\PK's Field Trainer\Field Trainer ModelController\Philotic_Knights_Field_Trainer_ModelController.csproj", "{703C732E-3E88-4CB4-98C2-69FD31FE26A2}"
EndProject
Global
	GlobalSection(SolutionConfigurationPlatforms) = preSolution
		Debug|Any CPU = Debug|Any CPU
		Debug|x64 = Debug|x64
		Release|Any CPU = Release|Any CPU
		Release|x64 = Release|x64
	EndGlobalSection
	GlobalSection(ProjectConfigurationPlatforms) = postSolution
		{CD18C1F9-29CA-486C-9C02-4986F0D63FE4}.Debug|Any CPU.ActiveCfg = Debug|Any CPU
		{CD18C1F9-29CA-486C-9C02-4986F0D63FE4}.Debug|Any CPU.Build.0 = Debug|Any CPU
		{CD18C1F9-29CA-486C-9C02-4986F0D63FE4}.Debug|x64.ActiveCfg = Debug|x64
		{CD18C1F9-29CA-486C-9C02-4986F0D63FE4}.Debug|x64.Build.0 = Debug|x64
		{CD18C1F9-29CA-486C-9C02-4986F0D63FE4}.Release|Any CPU.ActiveCfg = Release|Any CPU
		{CD18C1F9-29CA-486C-9C02-4986F0D63FE4}.Release|Any CPU.Build.0 = Release|Any CPU
		{CD18C1F9-29CA-486C-9C02-4986F0D63FE4}.Release|x64.ActiveCfg = Release|x64
		{CD18C1F9-29CA-486C-9C02-4986F0D63FE4}.Release|x64.Build.0 = Release|x64
		{9AFB8502-2142-4781-B1CB-595D941A6FF0}.Debug|Any CPU.ActiveCfg = Debug|Any CPU
		{9AFB8502-2142-4781-B1CB-595D941A6FF0}.Debug|Any CPU.Build.0 = Debug|Any CPU
		{9AFB8502-2142-4781-B1CB-595D941A6FF0}.Debug|x64.ActiveCfg = Debug|x64
		{9AFB8502-2142-4781-B1CB-595D941A6FF0}.Debug|x64.Build.0 = Debug|x64
		{9AFB8502-2142-4781-B1CB-595D941A6FF0}.Release|Any CPU.ActiveCfg = Release|Any CPU
		{9AFB8502-2142-4781-B1CB-595D941A6FF0}.Release|Any CPU.Build.0 = Release|Any CPU
		{9AFB8502-2142-4781-B1CB-595D941A6FF0}.Release|x64.ActiveCfg = Release|x64
		{9AFB8502-2142-4781-B1CB-595D941A6FF0}.Release|x64.Build.0 = Release|x64
		{703C732E-3E88-4CB4-98C2-69FD31FE26A2}.Debug|Any CPU.ActiveCfg = Debug|Any CPU
		{703C732E-3E88-4CB4-98C2-69FD31FE26A2}.Debug|Any CPU.Build.0 = Debug|Any CPU
		{703C732E-3E88-4CB4-98C2-69FD31FE26A2}.Debug|x64.ActiveCfg = Debug|x64
		{703C732E-3E88-4CB4-98C2-69FD31FE26A2}.Debug|x64.Build.0 = Debug|x64
		{703C732E-3E88-4CB4-98C2-69FD31FE26A2}.Release|Any CPU.ActiveCfg = Release|Any CPU
		{703C732E-3E88-4CB4-98C2-69FD31FE26A2}.Release|Any CPU.Build.0 = Release|Any CPU
		{703C732E-3E88-4CB4-98C2-69FD31FE26A2}.Release|x64.ActiveCfg = Release|x64
		{703C732E-3E88-4CB4-98C2-69FD31FE26A2}.Release|x64.Build.0 = Release|x64
	EndGlobalSection
	GlobalSection(SolutionProperties) = preSolution
		HideSolutionNode = FALSE
	EndGlobalSection
	GlobalSection(ExtensibilityGlobals) = postSolution
		SolutionGuid = {B4E87D47-DE54-4504-ACDE-0C36F099332D}
	EndGlobalSection
EndGlobal
