
Microsoft Visual Studio Solution File, Format Version 12.00
# Visual Studio Version 16
VisualStudioVersion = 16.0.28922.388
MinimumVisualStudioVersion = 10.0.40219.1
Project("{FAE04EC0-301F-11D3-BF4B-00C04F79EFBC}") = "Def File Translator", "Def File Translator\Def File Translator.csproj", "{ED011621-63DF-4073-B7A3-E203B73CA252}"
EndProject
Project("{FAE04EC0-301F-11D3-BF4B-00C04F79EFBC}") = "Def Objects", "Def Objects\Def Objects.csproj", "{9AFB8502-2142-4781-B1CB-595D941A6FF0}"
EndProject
Global
	GlobalSection(SolutionConfigurationPlatforms) = preSolution
		Debug|Any CPU = Debug|Any CPU
		Release|Any CPU = Release|Any CPU
	EndGlobalSection
	GlobalSection(ProjectConfigurationPlatforms) = postSolution
		{ED011621-63DF-4073-B7A3-E203B73CA252}.Debug|Any CPU.ActiveCfg = Debug|Any CPU
		{ED011621-63DF-4073-B7A3-E203B73CA252}.Debug|Any CPU.Build.0 = Debug|Any CPU
		{ED011621-63DF-4073-B7A3-E203B73CA252}.Release|Any CPU.ActiveCfg = Release|Any CPU
		{ED011621-63DF-4073-B7A3-E203B73CA252}.Release|Any CPU.Build.0 = Release|Any CPU
		{9AFB8502-2142-4781-B1CB-595D941A6FF0}.Debug|Any CPU.ActiveCfg = Debug|Any CPU
		{9AFB8502-2142-4781-B1CB-595D941A6FF0}.Debug|Any CPU.Build.0 = Debug|Any CPU
		{9AFB8502-2142-4781-B1CB-595D941A6FF0}.Release|Any CPU.ActiveCfg = Release|Any CPU
		{9AFB8502-2142-4781-B1CB-595D941A6FF0}.Release|Any CPU.Build.0 = Release|Any CPU
	EndGlobalSection
	GlobalSection(SolutionProperties) = preSolution
		HideSolutionNode = FALSE
	EndGlobalSection
	GlobalSection(ExtensibilityGlobals) = postSolution
		SolutionGuid = {2D2AB7D8-0BEB-41F0-98BD-2CFD715DB1C7}
	EndGlobalSection
EndGlobal
